
Microsoft Visual Studio Solution File, Format Version 12.00
# Visual Studio Version 16
VisualStudioVersion = 16.0.31613.86
MinimumVisualStudioVersion = 10.0.40219.1
Project("{FAE04EC0-301F-11D3-BF4B-00C04F79EFBC}") = "NET2U4_1_UI", "Ejercicio1\NET2U4_1_UI.csproj", "{D592EABD-D276-43FD-B9AA-DD00B8967750}"
EndProject
Project("{FAE04EC0-301F-11D3-BF4B-00C04F79EFBC}") = "NET2U4_2_BLL", "NET2U5_2_BLL\NET2U4_2_BLL.csproj", "{350A5312-DF30-4EE1-ACC7-1DE9AC249CEA}"
EndProject
Project("{FAE04EC0-301F-11D3-BF4B-00C04F79EFBC}") = "NET2U4_3_DAL", "NET2U4_3_DAL\NET2U4_3_DAL.csproj", "{54377D45-7BF0-4040-8F1E-B973023789D5}"
EndProject
Global
	GlobalSection(SolutionConfigurationPlatforms) = preSolution
		Debug|Any CPU = Debug|Any CPU
		Release|Any CPU = Release|Any CPU
	EndGlobalSection
	GlobalSection(ProjectConfigurationPlatforms) = postSolution
		{D592EABD-D276-43FD-B9AA-DD00B8967750}.Debug|Any CPU.ActiveCfg = Debug|Any CPU
		{D592EABD-D276-43FD-B9AA-DD00B8967750}.Debug|Any CPU.Build.0 = Debug|Any CPU
		{D592EABD-D276-43FD-B9AA-DD00B8967750}.Release|Any CPU.ActiveCfg = Release|Any CPU
		{D592EABD-D276-43FD-B9AA-DD00B8967750}.Release|Any CPU.Build.0 = Release|Any CPU
		{350A5312-DF30-4EE1-ACC7-1DE9AC249CEA}.Debug|Any CPU.ActiveCfg = Debug|Any CPU
		{350A5312-DF30-4EE1-ACC7-1DE9AC249CEA}.Debug|Any CPU.Build.0 = Debug|Any CPU
		{350A5312-DF30-4EE1-ACC7-1DE9AC249CEA}.Release|Any CPU.ActiveCfg = Release|Any CPU
		{350A5312-DF30-4EE1-ACC7-1DE9AC249CEA}.Release|Any CPU.Build.0 = Release|Any CPU
		{54377D45-7BF0-4040-8F1E-B973023789D5}.Debug|Any CPU.ActiveCfg = Debug|Any CPU
		{54377D45-7BF0-4040-8F1E-B973023789D5}.Debug|Any CPU.Build.0 = Debug|Any CPU
		{54377D45-7BF0-4040-8F1E-B973023789D5}.Release|Any CPU.ActiveCfg = Release|Any CPU
		{54377D45-7BF0-4040-8F1E-B973023789D5}.Release|Any CPU.Build.0 = Release|Any CPU
	EndGlobalSection
	GlobalSection(SolutionProperties) = preSolution
		HideSolutionNode = FALSE
	EndGlobalSection
	GlobalSection(ExtensibilityGlobals) = postSolution
		SolutionGuid = {3822CB66-77A5-4340-BBDB-BF73A10F5D2D}
	EndGlobalSection
EndGlobal
